
Microsoft Visual Studio Solution File, Format Version 12.00
# Visual Studio Version 17
VisualStudioVersion = 17.5.002.0
MinimumVisualStudioVersion = 10.0.40219.1
Project("{9A19103F-16F7-4668-BE54-9A1E7A4F7556}") = "task01", "task01\task01.csproj", "{62A3467F-C294-4825-AE5A-8A9EB3045CA5}"
EndProject
Project("{9A19103F-16F7-4668-BE54-9A1E7A4F7556}") = "task02", "task02\task02.csproj", "{CF6CD7FC-E457-43CC-B9E6-C01CBB6FA8A7}"
EndProject
Project("{9A19103F-16F7-4668-BE54-9A1E7A4F7556}") = "task03", "task03\task03.csproj", "{D70DF7C6-8DE8-48D5-A992-C4BB97A8893C}"
EndProject
Project("{9A19103F-16F7-4668-BE54-9A1E7A4F7556}") = "task04", "task04\task04.csproj", "{ADE50D61-2A1D-48B0-9DE0-6924D5C02406}"
EndProject
Project("{9A19103F-16F7-4668-BE54-9A1E7A4F7556}") = "task05", "task05\task05.csproj", "{28415DDF-0D17-4983-8A81-CCACA1CC320E}"
EndProject
Global
	GlobalSection(SolutionConfigurationPlatforms) = preSolution
		Debug|Any CPU = Debug|Any CPU
		Release|Any CPU = Release|Any CPU
	EndGlobalSection
	GlobalSection(ProjectConfigurationPlatforms) = postSolution
		{62A3467F-C294-4825-AE5A-8A9EB3045CA5}.Debug|Any CPU.ActiveCfg = Debug|Any CPU
		{62A3467F-C294-4825-AE5A-8A9EB3045CA5}.Debug|Any CPU.Build.0 = Debug|Any CPU
		{62A3467F-C294-4825-AE5A-8A9EB3045CA5}.Release|Any CPU.ActiveCfg = Release|Any CPU
		{62A3467F-C294-4825-AE5A-8A9EB3045CA5}.Release|Any CPU.Build.0 = Release|Any CPU
		{CF6CD7FC-E457-43CC-B9E6-C01CBB6FA8A7}.Debug|Any CPU.ActiveCfg = Debug|Any CPU
		{CF6CD7FC-E457-43CC-B9E6-C01CBB6FA8A7}.Debug|Any CPU.Build.0 = Debug|Any CPU
		{CF6CD7FC-E457-43CC-B9E6-C01CBB6FA8A7}.Release|Any CPU.ActiveCfg = Release|Any CPU
		{CF6CD7FC-E457-43CC-B9E6-C01CBB6FA8A7}.Release|Any CPU.Build.0 = Release|Any CPU
		{D70DF7C6-8DE8-48D5-A992-C4BB97A8893C}.Debug|Any CPU.ActiveCfg = Debug|Any CPU
		{D70DF7C6-8DE8-48D5-A992-C4BB97A8893C}.Debug|Any CPU.Build.0 = Debug|Any CPU
		{D70DF7C6-8DE8-48D5-A992-C4BB97A8893C}.Release|Any CPU.ActiveCfg = Release|Any CPU
		{D70DF7C6-8DE8-48D5-A992-C4BB97A8893C}.Release|Any CPU.Build.0 = Release|Any CPU
		{ADE50D61-2A1D-48B0-9DE0-6924D5C02406}.Debug|Any CPU.ActiveCfg = Debug|Any CPU
		{ADE50D61-2A1D-48B0-9DE0-6924D5C02406}.Debug|Any CPU.Build.0 = Debug|Any CPU
		{ADE50D61-2A1D-48B0-9DE0-6924D5C02406}.Release|Any CPU.ActiveCfg = Release|Any CPU
		{ADE50D61-2A1D-48B0-9DE0-6924D5C02406}.Release|Any CPU.Build.0 = Release|Any CPU
		{28415DDF-0D17-4983-8A81-CCACA1CC320E}.Debug|Any CPU.ActiveCfg = Debug|Any CPU
		{28415DDF-0D17-4983-8A81-CCACA1CC320E}.Debug|Any CPU.Build.0 = Debug|Any CPU
		{28415DDF-0D17-4983-8A81-CCACA1CC320E}.Release|Any CPU.ActiveCfg = Release|Any CPU
		{28415DDF-0D17-4983-8A81-CCACA1CC320E}.Release|Any CPU.Build.0 = Release|Any CPU
	EndGlobalSection
	GlobalSection(SolutionProperties) = preSolution
		HideSolutionNode = FALSE
	EndGlobalSection
	GlobalSection(ExtensibilityGlobals) = postSolution
		SolutionGuid = {4D0B36D9-3312-4096-B7DB-18B20611EB4A}
	EndGlobalSection
EndGlobal
